<?xml version="1.0" encoding="utf-8"?>
<Project ToolsVersion="4.0" xmlns="http://schemas.microsoft.com/developer/msbuild/2003">
  <ItemGroup>
    <Filter Include="Source Files">
      <UniqueIdentifier>{4FC737F1-C7A5-4376-A066-2A32D752A2FF}</UniqueIdentifier>
      <Extensions>cpp;c;cc;cxx;def;odl;idl;hpj;bat;asm;asmx</Extensions>
    </Filter>
    <Filter Include="Header Files">
      <UniqueIdentifier>{93995380-89BD-4b04-88EB-625FBE52EBFB}</UniqueIdentifier>
      <Extensions>h;hh;hpp;hxx;hm;inl;inc;ipp;xsd</Extensions>
    </Filter>
    <Filter Include="Resource Files">
      <UniqueIdentifier>{67DA6AB6-F800-4c08-8B7A-83BB121AAD01}</UniqueIdentifier>
      <Extensions>rc;ico;cur;bmp;dlg;rc2;rct;bin;rgs;gif;jpg;jpeg;jpe;resx;tiff;tif;png;wav;mfcribbon-ms</Extensions>
    </Filter>
    <Filter Include="Source Files\Console">
      <UniqueIdentifier>{201bedb5-cca1-47f9-8249-aeacca6064fc}</UniqueIdentifier>
    </Filter>
    <Filter Include="Resource Files\Console">
      <UniqueIdentifier>{211fdd8a-1008-419e-8d69-6729d7278357}</UniqueIdentifier>
    </Filter>
    <Filter Include="Resource Files\Selecteur/Mutateur">
      <UniqueIdentifier>{127e4c44-83ca-4cd0-9991-11bef0469c44}</UniqueIdentifier>
    </Filter>
    <Filter Include="Source Files\Selecteur/Mutateur">
      <UniqueIdentifier>{3a94cdb0-97be-4d5f-9e23-b5ddc0bde83c}</UniqueIdentifier>
    </Filter>
  </ItemGroup>
  <ItemGroup>
    <ClInclude Include="..\Console\Console.h">
      <Filter>Resource Files\Console</Filter>
    </ClInclude>
    <ClInclude Include="..\Console\ConsoleColor.h">
      <Filter>Resource Files\Console</Filter>
    </ClInclude>
    <ClInclude Include="..\Console\ConsoleContext.h">
      <Filter>Resource Files\Console</Filter>
    </ClInclude>
    <ClInclude Include="..\Console\ConsoleImage.h">
      <Filter>Resource Files\Console</Filter>
    </ClInclude>
    <ClInclude Include="..\Console\ConsoleKeyEvent.h">
      <Filter>Resource Files\Console</Filter>
    </ClInclude>
    <ClInclude Include="..\Console\ConsoleKeyFilter.h">
      <Filter>Resource Files\Console</Filter>
    </ClInclude>
    <ClInclude Include="..\Console\ConsoleKeyFilterAny.h">
      <Filter>Resource Files\Console</Filter>
    </ClInclude>
    <ClInclude Include="..\Console\ConsoleKeyFilterDown.h">
      <Filter>Resource Files\Console</Filter>
    </ClInclude>
    <ClInclude Include="..\Console\ConsoleKeyFilterModifiers.h">
      <Filter>Resource Files\Console</Filter>
    </ClInclude>
    <ClInclude Include="..\Console\ConsoleKeyFilterUp.h">
      <Filter>Resource Files\Console</Filter>
    </ClInclude>
    <ClInclude Include="..\Console\ConsoleKeyReader.h">
      <Filter>Resource Files\Console</Filter>
    </ClInclude>
    <ClInclude Include="..\Console\ConsolePixel.h">
      <Filter>Resource Files\Console</Filter>
    </ClInclude>
    <ClInclude Include="..\Console\ConsoleWriter.h">
      <Filter>Resource Files\Console</Filter>
    </ClInclude>
    <ClInclude Include="..\Canevas.h">
      <Filter>Resource Files</Filter>
    </ClInclude>
    <ClInclude Include="..\Chromosome.h">
      <Filter>Resource Files</Filter>
    </ClInclude>
    <ClInclude Include="..\CircleSolution.h">
      <Filter>Resource Files</Filter>
    </ClInclude>
    <ClInclude Include="..\Crossover.h">
      <Filter>Resource Files</Filter>
    </ClInclude>
    <ClInclude Include="..\CrossoverChromoSinglePoint.h">
      <Filter>Resource Files</Filter>
    </ClInclude>
    <ClInclude Include="..\CrossoverGeneSinglePoint.h">
      <Filter>Resource Files</Filter>
    </ClInclude>
    <ClInclude Include="..\Fitness_t.h">
      <Filter>Resource Files</Filter>
    </ClInclude>
    <ClInclude Include="..\FitnessHistory.h">
      <Filter>Resource Files</Filter>
    </ClInclude>
    <ClInclude Include="..\FitnessStatistics.h">
      <Filter>Resource Files</Filter>
    </ClInclude>
    <ClInclude Include="..\GAEngine.h">
      <Filter>Resource Files</Filter>
    </ClInclude>
    <ClInclude Include="..\GAParameters.h">
      <Filter>Resource Files</Filter>
    </ClInclude>
    <ClInclude Include="..\Obstacle.h">
      <Filter>Resource Files</Filter>
    </ClInclude>
    <ClInclude Include="..\OrthoRectSolution.h">
      <Filter>Resource Files</Filter>
    </ClInclude>
    <ClInclude Include="..\PolygonSolution.h">
      <Filter>Resource Files</Filter>
    </ClInclude>
    <ClInclude Include="..\Population.h">
      <Filter>Resource Files</Filter>
    </ClInclude>
    <ClInclude Include="..\PopulationEngine.h">
      <Filter>Resource Files</Filter>
    </ClInclude>
    <ClInclude Include="..\RandomUtil.h">
      <Filter>Resource Files</Filter>
    </ClInclude>
    <ClInclude Include="..\ShapeOptimizer.h">
      <Filter>Resource Files</Filter>
    </ClInclude>
    <ClInclude Include="..\ShapeSolution.h">
      <Filter>Resource Files</Filter>
    </ClInclude>
    <ClInclude Include="..\Solution.h">
      <Filter>Resource Files</Filter>
    </ClInclude>
    <ClInclude Include="..\SOParameters.h">
      <Filter>Resource Files</Filter>
    </ClInclude>
    <ClInclude Include="..\Mutator.h">
      <Filter>Resource Files\Selecteur/Mutateur</Filter>
    </ClInclude>
    <ClInclude Include="..\MutatorChromo.h">
      <Filter>Resource Files\Selecteur/Mutateur</Filter>
    </ClInclude>
    <ClInclude Include="..\MutatorExtreme.h">
      <Filter>Resource Files\Selecteur/Mutateur</Filter>
    </ClInclude>
    <ClInclude Include="..\MutatorGene.h">
      <Filter>Resource Files\Selecteur/Mutateur</Filter>
    </ClInclude>
    <ClInclude Include="..\MutatorGeneLeastSignificant.h">
      <Filter>Resource Files\Selecteur/Mutateur</Filter>
    </ClInclude>
    <ClInclude Include="..\MutatorInversionChromo.h">
      <Filter>Resource Files\Selecteur/Mutateur</Filter>
    </ClInclude>
    <ClInclude Include="..\MutatorInversionGene.h">
      <Filter>Resource Files\Selecteur/Mutateur</Filter>
    </ClInclude>
    <ClInclude Include="..\MutatorScrambleChromo.h">
      <Filter>Resource Files\Selecteur/Mutateur</Filter>
    </ClInclude>
    <ClInclude Include="..\MutatorScrambleGene.h">
      <Filter>Resource Files\Selecteur/Mutateur</Filter>
    </ClInclude>
    <ClInclude Include="..\MutatorSwapChromo.h">
      <Filter>Resource Files\Selecteur/Mutateur</Filter>
    </ClInclude>
    <ClInclude Include="..\MutatorSwapGene.h">
      <Filter>Resource Files\Selecteur/Mutateur</Filter>
    </ClInclude>
    <ClInclude Include="..\MutatorUltime.h">
      <Filter>Resource Files\Selecteur/Mutateur</Filter>
    </ClInclude>
    <ClInclude Include="..\Selector.h">
      <Filter>Resource Files\Selecteur/Mutateur</Filter>
    </ClInclude>
    <ClInclude Include="..\SelectorRankwise.h">
      <Filter>Resource Files\Selecteur/Mutateur</Filter>
    </ClInclude>
    <ClInclude Include="..\SelectorRouletteWheel.h">
      <Filter>Resource Files\Selecteur/Mutateur</Filter>
    </ClInclude>
    <ClInclude Include="..\SelectorTournament.h">
      <Filter>Resource Files\Selecteur/Mutateur</Filter>
    </ClInclude>
    <ClInclude Include="..\SelectorUniform.h">
      <Filter>Resource Files\Selecteur/Mutateur</Filter>
    </ClInclude>
  </ItemGroup>
  <ItemGroup>
    <ClCompile Include="..\Console\Console.cpp">
      <Filter>Source Files\Console</Filter>
    </ClCompile>
    <ClCompile Include="..\Console\ConsoleColor.cpp">
      <Filter>Source Files\Console</Filter>
    </ClCompile>
    <ClCompile Include="..\Console\ConsoleContext.cpp">
      <Filter>Source Files\Console</Filter>
    </ClCompile>
    <ClCompile Include="..\Console\ConsoleImage.cpp">
      <Filter>Source Files\Console</Filter>
    </ClCompile>
    <ClCompile Include="..\Console\ConsoleKeyEvent.cpp">
      <Filter>Source Files\Console</Filter>
    </ClCompile>
    <ClCompile Include="..\Console\ConsoleKeyFilterDown.cpp">
      <Filter>Source Files\Console</Filter>
    </ClCompile>
    <ClCompile Include="..\Console\ConsoleKeyFilterModifiers.cpp">
      <Filter>Source Files\Console</Filter>
    </ClCompile>
    <ClCompile Include="..\Console\ConsoleKeyFilterUp.cpp">
      <Filter>Source Files\Console</Filter>
    </ClCompile>
    <ClCompile Include="..\Console\ConsoleKeyReader.cpp">
      <Filter>Source Files\Console</Filter>
    </ClCompile>
    <ClCompile Include="..\Console\ConsolePixel.cpp">
      <Filter>Source Files\Console</Filter>
    </ClCompile>
    <ClCompile Include="..\Console\ConsoleWriter.cpp">
      <Filter>Source Files\Console</Filter>
    </ClCompile>
    <ClCompile Include="..\Canevas.cpp">
      <Filter>Source Files</Filter>
    </ClCompile>
    <ClCompile Include="..\Chromosome.cpp">
      <Filter>Source Files</Filter>
    </ClCompile>
    <ClCompile Include="..\CircleSolution.cpp">
      <Filter>Source Files</Filter>
    </ClCompile>
    <ClCompile Include="..\FitnessHistory.cpp">
      <Filter>Source Files</Filter>
    </ClCompile>
    <ClCompile Include="..\GAEngine.cpp">
      <Filter>Source Files</Filter>
    </ClCompile>
    <ClCompile Include="..\Obstacle.cpp">
      <Filter>Source Files</Filter>
    </ClCompile>
    <ClCompile Include="..\OrthoRectSolution.cpp">
      <Filter>Source Files</Filter>
    </ClCompile>
    <ClCompile Include="..\PolygonSolution.cpp">
      <Filter>Source Files</Filter>
    </ClCompile>
    <ClCompile Include="..\Population.cpp">
      <Filter>Source Files</Filter>
    </ClCompile>
    <ClCompile Include="..\PopulationEngine.cpp">
      <Filter>Source Files</Filter>
    </ClCompile>
    <ClCompile Include="..\RandomUtil.cpp">
      <Filter>Source Files</Filter>
    </ClCompile>
    <ClCompile Include="..\ShapeOptimizer.cpp">
      <Filter>Source Files</Filter>
    </ClCompile>
    <ClCompile Include="..\ShapeSolution.cpp">
      <Filter>Source Files</Filter>
    </ClCompile>
    <ClCompile Include="..\Solution.cpp">
      <Filter>Source Files</Filter>
    </ClCompile>
    <ClCompile Include="..\CrossoverChromoSinglePoint.cpp">
      <Filter>Source Files</Filter>
    </ClCompile>
    <ClCompile Include="..\CrossoverGeneSinglePoint.cpp">
      <Filter>Source Files</Filter>
    </ClCompile>
    <ClCompile Include="..\Mutator.cpp">
      <Filter>Source Files\Selecteur/Mutateur</Filter>
    </ClCompile>
    <ClCompile Include="..\MutatorChromo.cpp">
      <Filter>Source Files\Selecteur/Mutateur</Filter>
    </ClCompile>
    <ClCompile Include="..\MutatorExtreme.cpp">
      <Filter>Source Files\Selecteur/Mutateur</Filter>
    </ClCompile>
    <ClCompile Include="..\MutatorGene.cpp">
      <Filter>Source Files\Selecteur/Mutateur</Filter>
    </ClCompile>
    <ClCompile Include="..\MutatorGeneLeastSignificant.cpp">
      <Filter>Source Files\Selecteur/Mutateur</Filter>
    </ClCompile>
    <ClCompile Include="..\MutatorInversionChromo.cpp">
      <Filter>Source Files\Selecteur/Mutateur</Filter>
    </ClCompile>
    <ClCompile Include="..\MutatorInversionGene.cpp">
      <Filter>Source Files\Selecteur/Mutateur</Filter>
    </ClCompile>
    <ClCompile Include="..\MutatorScrambleChromo.cpp">
      <Filter>Source Files\Selecteur/Mutateur</Filter>
    </ClCompile>
    <ClCompile Include="..\MutatorScrambleGene.cpp">
      <Filter>Source Files\Selecteur/Mutateur</Filter>
    </ClCompile>
    <ClCompile Include="..\MutatorSwapChromo.cpp">
      <Filter>Source Files\Selecteur/Mutateur</Filter>
    </ClCompile>
    <ClCompile Include="..\MutatorSwapGene.cpp">
      <Filter>Source Files\Selecteur/Mutateur</Filter>
    </ClCompile>
    <ClCompile Include="..\MutatorUltime.cpp">
      <Filter>Source Files\Selecteur/Mutateur</Filter>
    </ClCompile>
    <ClCompile Include="..\SelectorRankwise.cpp">
      <Filter>Source Files\Selecteur/Mutateur</Filter>
    </ClCompile>
    <ClCompile Include="..\SelectorRouletteWheel.cpp">
      <Filter>Source Files\Selecteur/Mutateur</Filter>
    </ClCompile>
    <ClCompile Include="..\SelectorTournament.cpp">
      <Filter>Source Files\Selecteur/Mutateur</Filter>
    </ClCompile>
    <ClCompile Include="..\SelectorUniform.cpp">
      <Filter>Source Files\Selecteur/Mutateur</Filter>
    </ClCompile>
  </ItemGroup>
</Project>